
Microsoft Visual Studio Solution File, Format Version 11.00
# Visual Studio 2010
Project("{FAE04EC0-301F-11D3-BF4B-00C04F79EFBC}") = "TapTitanXNA_TheoMiguel", "TapTitanXNA_TheoMiguel\TapTitanXNA_TheoMiguel\TapTitanXNA_TheoMiguel.csproj", "{A793F14F-FB47-4879-813B-24065EDEB7B4}"
EndProject
Project("{96E2B04D-8817-42C6-938A-82C39BA4D311}") = "TapTitanXNA_TheoMiguelContent", "TapTitanXNA_TheoMiguel\TapTitanXNA_TheoMiguelContent\TapTitanXNA_TheoMiguelContent.contentproj", "{C3FD5348-537B-4E03-B9B2-F8E89D231B10}"
EndProject
Global
	GlobalSection(SolutionConfigurationPlatforms) = preSolution
		Debug|x86 = Debug|x86
		Release|x86 = Release|x86
	EndGlobalSection
	GlobalSection(ProjectConfigurationPlatforms) = postSolution
		{A793F14F-FB47-4879-813B-24065EDEB7B4}.Debug|x86.ActiveCfg = Debug|x86
		{A793F14F-FB47-4879-813B-24065EDEB7B4}.Debug|x86.Build.0 = Debug|x86
		{A793F14F-FB47-4879-813B-24065EDEB7B4}.Release|x86.ActiveCfg = Release|x86
		{A793F14F-FB47-4879-813B-24065EDEB7B4}.Release|x86.Build.0 = Release|x86
		{C3FD5348-537B-4E03-B9B2-F8E89D231B10}.Debug|x86.ActiveCfg = Debug|x86
		{C3FD5348-537B-4E03-B9B2-F8E89D231B10}.Release|x86.ActiveCfg = Release|x86
	EndGlobalSection
	GlobalSection(SolutionProperties) = preSolution
		HideSolutionNode = FALSE
	EndGlobalSection
EndGlobal
